# Observed official-PyPI wheels: Windows x64, CPython 3.12.14.
# Exact direct and transitive dependencies; install with --require-hashes.
annotated-doc==0.0.5 --hash=sha256:117bac03a25ede5df5440e855b32d556049ca169ead221505badf432fed4b101
annotated-types==0.8.0 --hash=sha256:f072f4d804ea359e4eaf198b1af7a8b0943881a87f31bb764f8bf219bb9419e0
anyio==4.15.1 --hash=sha256:6152fdbbf9a77fdec97731721bebf7c4c44f7c29b424b0065826173efc7ed101
blis==1.3.3 --hash=sha256:f20f7ad69aaffd1ce14fe77de557b6df9b61e0c9e582f75a843715d836b5c8af
catalogue==2.0.10 --hash=sha256:58c2de0020aa90f4a2da7dfad161bf7b3b054c86a5f09fcedc0b2b740c109a9f
certifi==2026.7.22 --hash=sha256:62f22742b58a1a33014a2b6b706588a8d7e2a88ae7bd1a6ebe8c992928483775
cffi==2.1.1 --hash=sha256:f53e442b08449d42821fa4a4fba000095af9f62742a500f978a9f557ec44339a
charset-normalizer==3.5.2 --hash=sha256:780fbe7cab297b81dad9fb8dc5eb003c0468ffb0d9e5f65068c53a34661a96bc
click==8.5.0 --hash=sha256:255bc9599cf7748b4b1a446ccc735421bd08a2ae529a8b88597d3de5664ee360
cloudpathlib==0.26.0 --hash=sha256:abcd7f54bcbb2fbb79c0e96b79241f08866760aee6276586882b3558672d571b
colorama==0.4.6 --hash=sha256:4f1d9991f5acc0ca119f9d443620b77f9d6b33703e51011c16baf57afb285fc6
confection==1.3.3 --hash=sha256:b9fef9ee84b237ef4611ec3eb5797b70e13063e6310ad9f15536373f5e313c82
cryptography==50.0.2 --hash=sha256:7afa5a6602a9f29af1f3a2965f831bae7c9d5d597b7cbb716d41ab3b7d89879c
cymem==2.0.13 --hash=sha256:2ff1c41fd59b789579fdace78aa587c5fc091991fa59458c382b116fc36e30dc
filelock==4.1.0 --hash=sha256:2ce9818e3e2d8f284c1a964414447ef148d42a5fd5e2a477a7118e574b293ec1
h11==0.16.0 --hash=sha256:63cf8bbe7522de3bf65932fda1d9c2772064ffb3dae62d55932da54b31cb6c86
httpcore==1.0.9 --hash=sha256:2d400746a40668fc9dec9810239072b40b4484b640a8c38fd654a024c7a1bf55
httpx==0.28.1 --hash=sha256:d909fcccc110f8c7faf814ca82a9a4d816bc5a6dbfea25d6591d6985b8ba59ad
idna==3.20 --hash=sha256:ab7ae7122974553370f0bdb919e1a960b2cd1bc1ef0276416d896db81c14582c
jinja2==3.1.6 --hash=sha256:85ece4451f492d0c13c5dd7c13a64681a86afae63a5f347908daf103ce6d2f67
markdown-it-py==4.2.0 --hash=sha256:9f7ebbcd14fe59494226453aed97c1070d83f8d24b6fc3a3bcf9a38092641c4a
markupsafe==3.0.4 --hash=sha256:11935df9bf455ed0c04eb87bcd720f02b1fe5e02128a9430f23aed6f93336fc7
mdurl==0.1.2 --hash=sha256:84008a41e51615a49fc9966191ff91509e3c40b939176e643fd50a5c2196b8f8
murmurhash==1.0.15 --hash=sha256:f4ac15a2089dc42e6eb0966622d42d2521590a12c92480aafecf34c085302cca
numpy==2.4.6 --hash=sha256:d8e8286dd7cea7895157318d1b91cdacac64c479f3cbc8dce548331728484751
packaging==26.3 --hash=sha256:d7193f7c8e4e93f444fde0262bf90af30e16fa0ad0ad44cb553c87339b23cd1c
phonenumbers==9.0.41 --hash=sha256:ccf2ea44f8aa35c487f26146a31520ecedf8e1af1f57c803678ecb5ef5c01668
preshed==3.0.13 --hash=sha256:04d8f13f2986e5d11af5ac51f55ce3106c70c41b483d20ea392e6180bdd0f870
pycparser==3.11 --hash=sha256:51d5a8ba2be0bbe440b99d2112604c95bbbc3c2748a64260186c541e1729cd80
pydantic==2.14.0 --hash=sha256:15fab1bea6f1dc5003b54fc2ecab230c1fd1dbade2acd4addc52d81e32416d4b
pydantic-core==2.50.0 --hash=sha256:1541c334af5d42cb9eb03862a9b4d2cfbfc670fd05172ec51f3ce02d704550f1
pygments==2.21.0 --hash=sha256:2363c69b61c4a97c838da3b130dcd6468f4848992b21a82f2a63ec34377137d9
pyyaml==6.0.3 --hash=sha256:5fcd34e47f6e0b794d17de1b4ff496c00986e1c83f7ab2fb8fcfe9616ff7477b
regex==2026.9.29 --hash=sha256:fdd88ed5e20b1bcdd234421e454962c971aa44b653bdb7f1ea9ef683e90fb649
requests==2.34.2 --hash=sha256:2a0d60c172f83ac6ab31e4554906c0f3b3588d37b5cb939b1c061f4907e278e0
requests-file==3.0.1 --hash=sha256:d0f5eb94353986d998f80ac63c7f146a307728be051d4d1cd390dbdb59c10fa2
rich==15.0.0 --hash=sha256:33bd4ef74232fb73fe9279a257718407f169c09b78a87ad3d296f548e27de0bb
setuptools==84.0.0 --hash=sha256:51a52592b3b99e102b609654876bd65f19f999935166d1352678931132b0c670
shellingham==1.5.4 --hash=sha256:7ecfff8f2fd72616f7481040475a65b2bf8af90a56c89140852d1120324e8686
smart-open==8.0.2 --hash=sha256:7ff6e4acf454269905db0c747f5d14fdba6056db572c0f8398043676dc91515c
spacy==3.8.16 --hash=sha256:5991c334e71c23b798c25e0d403295dde4d2d1fb58c2e075450b964db03c05ea
spacy-legacy==3.0.12 --hash=sha256:476e3bd0d05f8c339ed60f40986c07387c0a71479245d6d0f4298dbd52cda55f
spacy-loggers==1.0.5 --hash=sha256:196284c9c446cc0cdb944005384270d775fdeaf4f494d8e269466cfa497ef645
srsly==2.5.4 --hash=sha256:a287627f6d35f83b8e8df99b4c7f7068b3cf386d4c28fc4b257b226512568f91
thinc==8.3.13 --hash=sha256:ed1dc709ac4f2f03b710457889e4e02f05de51bc8456980c241d0b28798bc7cb
tldextract==5.4.0 --hash=sha256:7f02aed30bd3b6ad5717192eb859a39b20aafc7caf3917d9cf6cb00a58efb34f
tqdm==4.70.1 --hash=sha256:c293e525e6fef9c20e8728fd4612df02a0aa31bb5fe91ecd93e123b1b7bffa73
typer==0.27.3 --hash=sha256:e50022f28b82a86313e54501317a1db64bf8f8d036ff8cfe5ca7e47675454aff
typing-extensions==4.16.0 --hash=sha256:481caa481374e813c1b176ada14e97f1f67a4539ce9cfeb3f350d78d6370c2e8
typing-inspection==0.4.4 --hash=sha256:65b8397ba37ccbce054456aaccddfc91e6e3083c92824df348d96ca832f3f147
urllib3==2.8.0 --hash=sha256:0cf3cae568d36aa9576b28dfb35f11328f1cb974ca7647d9475ebb86c75ac6e3
wasabi==1.1.3 --hash=sha256:f76e16e8f7e79f8c4c8be49b4024ac725713ab10cd7f19350ad18a8e3f71728c
weasel==1.0.0 --hash=sha256:89518acee027f49d743126c3502d35e6dd14f5768be5c37c9af47c171b6005cc
wrapt==2.5.0 --hash=sha256:ab45839c912777e2738fed369636589c8b2a6d9c44ca56de0fd0814581d467c2
